{
  "name": "gatsby-plugin-slug-field",
  "version": "0.3.1",
  "lockfileVersion": 1,
  "requires": true,
  "dependencies": {
    "url-slug": {
      "version": "3.0.1",
      "resolved": "https://registry.npmjs.org/url-slug/-/url-slug-3.0.1.tgz",
      "integrity": "sha512-8zxCgV7G0biwS3CoDSTwLatF75W4ZWyIsoLbgLkSTo2ygpDjsD8/f33zB9Leh/raXe1/yo2tW7mJD0n7kxMAFA=="
    }
  }
}
